{
  "requires": true,
  "lockfileVersion": 1,
  "dependencies": {
    "@types/prop-types": {
      "version": "15.7.4",
      "resolved": "https://registry.npmjs.org/@types/prop-types/-/prop-types-15.7.4.tgz",
      "integrity": "sha512-rZ5drC/jWjrArrS8BR6SIr4cWpW09RNTYt9AMZo3Jwwif+iacXAqgVjm0B0Bv/S1jhDXKHqRVNCbACkJ89RAnQ==",
      "dev": true
    },
    "@types/react": {
      "version": "17.0.21",
      "resolved": "https://registry.npmjs.org/@types/react/-/react-17.0.21.tgz",
      "integrity": "sha512-GzzXCpOthOjXvrAUFQwU/svyxu658cwu00Q9ugujS4qc1zXgLFaO0kS2SLOaMWLt2Jik781yuHCWB7UcYdGAeQ==",
      "dev": true,
      "requires": {
        "@types/prop-types": "*",
        "@types/scheduler": "*",
        "csstype": "^3.0.2"
      }
    },
    "@types/react-bootstrap": {
      "version": "0.32.26",
      "resolved": "https://registry.npmjs.org/@types/react-bootstrap/-/react-bootstrap-0.32.26.tgz",
      "integrity": "sha512-IugRlKW82adDmfEm2bgq6l08T6MQX8smlZTX2eguiP0GiL0WRGwc3kYtdBl5BhEpUSGx4wP8Upff2/GtqTOlJw==",
      "dev": true,
      "requires": {
        "@types/react": "*"
      }
    },
    "@types/scheduler": {
      "version": "0.16.2",
      "resolved": "https://registry.npmjs.org/@types/scheduler/-/scheduler-0.16.2.tgz",
      "integrity": "sha512-hppQEBDmlwhFAXKJX2KnWLYu5yMfi91yazPb2l+lbJiwW+wdo1gNeRA+3RgNSO39WYX2euey41KEwnqesU2Jew==",
      "dev": true
    },
    "csstype": {
      "version": "3.0.9",
      "resolved": "https://registry.npmjs.org/csstype/-/csstype-3.0.9.tgz",
      "integrity": "sha512-rpw6JPxK6Rfg1zLOYCSwle2GFOOsnjmDYDaBwEcwoOg4qlsIVCN789VkBZDJAGi4T07gI4YSutR43t9Zz4Lzuw==",
      "dev": true
    }
  }
}
